// !$*UTF8*$!
{
	archiveVersion = 1;
	classes = {
	};
	objectVersion = 56;
	objects = {

/* Begin PBXBuildFile section */
		145DD2612AFA91DF0067C5B9 /* AppDelegate.swift in Sources */ = {isa = PBXBuildFile; fileRef = 145DD2602AFA91DF0067C5B9 /* AppDelegate.swift */; };
		145DD2632AFA91DF0067C5B9 /* SceneDelegate.swift in Sources */ = {isa = PBXBuildFile; fileRef = 145DD2622AFA91DF0067C5B9 /* SceneDelegate.swift */; };
		145DD2652AFA91DF0067C5B9 /* ViewController.swift in Sources */ = {isa = PBXBuildFile; fileRef = 145DD2642AFA91DF0067C5B9 /* ViewController.swift */; };
		145DD2682AFA91DF0067C5B9 /* Main.storyboard in Resources */ = {isa = PBXBuildFile; fileRef = 145DD2662AFA91DF0067C5B9 /* Main.storyboard */; };
		145DD26B2AFA91DF0067C5B9 /* TabBarControllerNotes.xcdatamodeld in Sources */ = {isa = PBXBuildFile; fileRef = 145DD2692AFA91DF0067C5B9 /* TabBarControllerNotes.xcdatamodeld */; };
		145DD26D2AFA91E00067C5B9 /* Assets.xcassets in Resources */ = {isa = PBXBuildFile; fileRef = 145DD26C2AFA91E00067C5B9 /* Assets.xcassets */; };
		145DD2702AFA91E00067C5B9 /* LaunchScreen.storyboard in Resources */ = {isa = PBXBuildFile; fileRef = 145DD26E2AFA91E00067C5B9 /* LaunchScreen.storyboard */; };
		145DD27B2AFA91E00067C5B9 /* TabBarControllerNotesTests.swift in Sources */ = {isa = PBXBuildFile; fileRef = 145DD27A2AFA91E00067C5B9 /* TabBarControllerNotesTests.swift */; };
		145DD2852AFA91E00067C5B9 /* TabBarControllerNotesUITests.swift in Sources */ = {isa = PBXBuildFile; fileRef = 145DD2842AFA91E00067C5B9 /* TabBarControllerNotesUITests.swift */; };
		145DD2872AFA91E00067C5B9 /* TabBarControllerNotesUITestsLaunchTests.swift in Sources */ = {isa = PBXBuildFile; fileRef = 145DD2862AFA91E00067C5B9 /* TabBarControllerNotesUITestsLaunchTests.swift */; };
/* End PBXBuildFile section */

/* Begin PBXContainerItemProxy section */
		145DD2772AFA91E00067C5B9 /* PBXContainerItemProxy */ = {
			isa = PBXContainerItemProxy;
			containerPortal = 145DD2552AFA91DF0067C5B9 /* Project object */;
			proxyType = 1;
			remoteGlobalIDString = 145DD25C2AFA91DF0067C5B9;
			remoteInfo = TabBarControllerNotes;
		};
		145DD2812AFA91E00067C5B9 /* PBXContainerItemProxy */ = {
			isa = PBXContainerItemProxy;
			containerPortal = 145DD2552AFA91DF0067C5B9 /* Project object */;
			proxyType = 1;
			remoteGlobalIDString = 145DD25C2AFA91DF0067C5B9;
			remoteInfo = TabBarControllerNotes;
		};
/* End PBXContainerItemProxy section */

/* Begin PBXFileReference section */
		145DD25D2AFA91DF0067C5B9 /* TabBarControllerNotes.app */ = {isa = PBXFileReference; explicitFileType = wrapper.application; includeInIndex = 0; path = TabBarControllerNotes.app; sourceTree = BUILT_PRODUCTS_DIR; };
		145DD2602AFA91DF0067C5B9 /* AppDelegate.swift */ = {isa = PBXFileReference; lastKnownFileType = sourcecode.swift; path = AppDelegate.swift; sourceTree = "<group>"; };
		145DD2622AFA91DF0067C5B9 /* SceneDelegate.swift */ = {isa = PBXFileReference; lastKnownFileType = sourcecode.swift; path = SceneDelegate.swift; sourceTree = "<group>"; };
		145DD2642AFA91DF0067C5B9 /* ViewController.swift */ = {isa = PBXFileReference; lastKnownFileType = sourcecode.swift; path = ViewController.swift; sourceTree = "<group>"; };
		145DD2672AFA91DF0067C5B9 /* Base */ = {isa = PBXFileReference; lastKnownFileType = file.storyboard; name = Base; path = Base.lproj/Main.storyboard; sourceTree = "<group>"; };
		145DD26A2AFA91DF0067C5B9 /* TabBarControllerNotes.xcdatamodel */ = {isa = PBXFileReference; lastKnownFileType = wrapper.xcdatamodel; path = TabBarControllerNotes.xcdatamodel; sourceTree = "<group>"; };
		145DD26C2AFA91E00067C5B9 /* Assets.xcassets */ = {isa = PBXFileReference; lastKnownFileType = folder.assetcatalog; path = Assets.xcassets; sourceTree = "<group>"; };
		145DD26F2AFA91E00067C5B9 /* Base */ = {isa = PBXFileReference; lastKnownFileType = file.storyboard; name = Base; path = Base.lproj/LaunchScreen.storyboard; sourceTree = "<group>"; };
		145DD2712AFA91E00067C5B9 /* Info.plist */ = {isa = PBXFileReference; lastKnownFileType = text.plist.xml; path = Info.plist; sourceTree = "<group>"; };
		145DD2762AFA91E00067C5B9 /* TabBarControllerNotesTests.xctest */ = {isa = PBXFileReference; explicitFileType = wrapper.cfbundle; includeInIndex = 0; path = TabBarControllerNotesTests.xctest; sourceTree = BUILT_PRODUCTS_DIR; };
		145DD27A2AFA91E00067C5B9 /* TabBarControllerNotesTests.swift */ = {isa = PBXFileReference; lastKnownFileType = sourcecode.swift; path = TabBarControllerNotesTests.swift; sourceTree = "<group>"; };
		145DD2802AFA91E00067C5B9 /* TabBarControllerNotesUITests.xctest */ = {isa = PBXFileReference; explicitFileType = wrapper.cfbundle; includeInIndex = 0; path = TabBarControllerNotesUITests.xctest; sourceTree = BUILT_PRODUCTS_DIR; };
		145DD2842AFA91E00067C5B9 /* TabBarControllerNotesUITests.swift */ = {isa = PBXFileReference; lastKnownFileType = sourcecode.swift; path = TabBarControllerNotesUITests.swift; sourceTree = "<group>"; };
		145DD2862AFA91E00067C5B9 /* TabBarControllerNotesUITestsLaunchTests.swift */ = {isa = PBXFileReference; lastKnownFileType = sourcecode.swift; path = TabBarControllerNotesUITestsLaunchTests.swift; sourceTree = "<group>"; };
/* End PBXFileReference section */

/* Begin PBXFrameworksBuildPhase section */
		145DD25A2AFA91DF0067C5B9 /* Frameworks */ = {
			isa = PBXFrameworksBuildPhase;
			buildActionMask = 2147483647;
			files = (
			);
			runOnlyForDeploymentPostprocessing = 0;
		};
		145DD2732AFA91E00067C5B9 /* Frameworks */ = {
			isa = PBXFrameworksBuildPhase;
			buildActionMask = 2147483647;
			files = (
			);
			runOnlyForDeploymentPostprocessing = 0;
		};
		145DD27D2AFA91E00067C5B9 /* Frameworks */ = {
			isa = PBXFrameworksBuildPhase;
			buildActionMask = 2147483647;
			files = (
			);
			runOnlyForDeploymentPostprocessing = 0;
		};
/* End PBXFrameworksBuildPhase section */

/* Begin PBXGroup section */
		145DD2542AFA91DF0067C5B9 = {
			isa = PBXGroup;
			children = (
				145DD25F2AFA91DF0067C5B9 /* TabBarControllerNotes */,
				145DD2792AFA91E00067C5B9 /* TabBarControllerNotesTests */,
				145DD2832AFA91E00067C5B9 /* TabBarControllerNotesUITests */,
				145DD25E2AFA91DF0067C5B9 /* Products */,
			);
			sourceTree = "<group>";
		};
		145DD25E2AFA91DF0067C5B9 /* Products */ = {
			isa = PBXGroup;
			children = (
				145DD25D2AFA91DF0067C5B9 /* TabBarControllerNotes.app */,
				145DD2762AFA91E00067C5B9 /* TabBarControllerNotesTests.xctest */,
				145DD2802AFA91E00067C5B9 /* TabBarControllerNotesUITests.xctest */,
			);
			name = Products;
			sourceTree = "<group>";
		};
		145DD25F2AFA91DF0067C5B9 /* TabBarControllerNotes */ = {
			isa = PBXGroup;
			children = (
				145DD2602AFA91DF0067C5B9 /* AppDelegate.swift */,
				145DD2622AFA91DF0067C5B9 /* SceneDelegate.swift */,
				145DD2642AFA91DF0067C5B9 /* ViewController.swift */,
				145DD2662AFA91DF0067C5B9 /* Main.storyboard */,
				145DD26C2AFA91E00067C5B9 /* Assets.xcassets */,
				145DD26E2AFA91E00067C5B9 /* LaunchScreen.storyboard */,
				145DD2712AFA91E00067C5B9 /* Info.plist */,
				145DD2692AFA91DF0067C5B9 /* TabBarControllerNotes.xcdatamodeld */,
			);
			path = TabBarControllerNotes;
			sourceTree = "<group>";
		};
		145DD2792AFA91E00067C5B9 /* TabBarControllerNotesTests */ = {
			isa = PBXGroup;
			children = (
				145DD27A2AFA91E00067C5B9 /* TabBarControllerNotesTests.swift */,
			);
			path = TabBarControllerNotesTests;
			sourceTree = "<group>";
		};
		145DD2832AFA91E00067C5B9 /* TabBarControllerNotesUITests */ = {
			isa = PBXGroup;
			children = (
				145DD2842AFA91E00067C5B9 /* TabBarControllerNotesUITests.swift */,
				145DD2862AFA91E00067C5B9 /* TabBarControllerNotesUITestsLaunchTests.swift */,
			);
			path = TabBarControllerNotesUITests;
			sourceTree = "<group>";
		};
/* End PBXGroup section */

/* Begin PBXNativeTarget section */
		145DD25C2AFA91DF0067C5B9 /* TabBarControllerNotes */ = {
			isa = PBXNativeTarget;
			buildConfigurationList = 145DD28A2AFA91E00067C5B9 /* Build configuration list for PBXNativeTarget "TabBarControllerNotes" */;
			buildPhases = (
				145DD2592AFA91DF0067C5B9 /* Sources */,
				145DD25A2AFA91DF0067C5B9 /* Frameworks */,
				145DD25B2AFA91DF0067C5B9 /* Resources */,
			);
			buildRules = (
			);
			dependencies = (
			);
			name = TabBarControllerNotes;
			productName = TabBarControllerNotes;
			productReference = 145DD25D2AFA91DF0067C5B9 /* TabBarControllerNotes.app */;
			productType = "com.apple.product-type.application";
		};
		145DD2752AFA91E00067C5B9 /* TabBarControllerNotesTests */ = {
			isa = PBXNativeTarget;
			buildConfigurationList = 145DD28D2AFA91E00067C5B9 /* Build configuration list for PBXNativeTarget "TabBarControllerNotesTests" */;
			buildPhases = (
				145DD2722AFA91E00067C5B9 /* Sources */,
				145DD2732AFA91E00067C5B9 /* Frameworks */,
				145DD2742AFA91E00067C5B9 /* Resources */,
			);
			buildRules = (
			);
			dependencies = (
				145DD2782AFA91E00067C5B9 /* PBXTargetDependency */,
			);
			name = TabBarControllerNotesTests;
			productName = TabBarControllerNotesTests;
			productReference = 145DD2762AFA91E00067C5B9 /* TabBarControllerNotesTests.xctest */;
			productType = "com.apple.product-type.bundle.unit-test";
		};
		145DD27F2AFA91E00067C5B9 /* TabBarControllerNotesUITests */ = {
			isa = PBXNativeTarget;
			buildConfigurationList = 145DD2902AFA91E00067C5B9 /* Build configuration list for PBXNativeTarget "TabBarControllerNotesUITests" */;
			buildPhases = (
				145DD27C2AFA91E00067C5B9 /* Sources */,
				145DD27D2AFA91E00067C5B9 /* Frameworks */,
				145DD27E2AFA91E00067C5B9 /* Resources */,
			);
			buildRules = (
			);
			dependencies = (
				145DD2822AFA91E00067C5B9 /* PBXTargetDependency */,
			);
			name = TabBarControllerNotesUITests;
			productName = TabBarControllerNotesUITests;
			productReference = 145DD2802AFA91E00067C5B9 /* TabBarControllerNotesUITests.xctest */;
			productType = "com.apple.product-type.bundle.ui-testing";
		};
/* End PBXNativeTarget section */

/* Begin PBXProject section */
		145DD2552AFA91DF0067C5B9 /* Project object */ = {
			isa = PBXProject;
			attributes = {
				BuildIndependentTargetsInParallel = 1;
				LastSwiftUpdateCheck = 1430;
				LastUpgradeCheck = 1430;
				TargetAttributes = {
					145DD25C2AFA91DF0067C5B9 = {
						CreatedOnToolsVersion = 14.3.1;
					};
					145DD2752AFA91E00067C5B9 = {
						CreatedOnToolsVersion = 14.3.1;
						TestTargetID = 145DD25C2AFA91DF0067C5B9;
					};
					145DD27F2AFA91E00067C5B9 = {
						CreatedOnToolsVersion = 14.3.1;
						TestTargetID = 145DD25C2AFA91DF0067C5B9;
					};
				};
			};
			buildConfigurationList = 145DD2582AFA91DF0067C5B9 /* Build configuration list for PBXProject "TabBarControllerNotes" */;
			compatibilityVersion = "Xcode 14.0";
			developmentRegion = en;
			hasScannedForEncodings = 0;
			knownRegions = (
				en,
				Base,
			);
			mainGroup = 145DD2542AFA91DF0067C5B9;
			productRefGroup = 145DD25E2AFA91DF0067C5B9 /* Products */;
			projectDirPath = "";
			projectRoot = "";
			targets = (
				145DD25C2AFA91DF0067C5B9 /* TabBarControllerNotes */,
				145DD2752AFA91E00067C5B9 /* TabBarControllerNotesTests */,
				145DD27F2AFA91E00067C5B9 /* TabBarControllerNotesUITests */,
			);
		};
/* End PBXProject section */

/* Begin PBXResourcesBuildPhase section */
		145DD25B2AFA91DF0067C5B9 /* Resources */ = {
			isa = PBXResourcesBuildPhase;
			buildActionMask = 2147483647;
			files = (
				145DD2702AFA91E00067C5B9 /* LaunchScreen.storyboard in Resources */,
				145DD26D2AFA91E00067C5B9 /* Assets.xcassets in Resources */,
				145DD2682AFA91DF0067C5B9 /* Main.storyboard in Resources */,
			);
			runOnlyForDeploymentPostprocessing = 0;
		};
		145DD2742AFA91E00067C5B9 /* Resources */ = {
			isa = PBXResourcesBuildPhase;
			buildActionMask = 2147483647;
			files = (
			);
			runOnlyForDeploymentPostprocessing = 0;
		};
		145DD27E2AFA91E00067C5B9 /* Resources */ = {
			isa = PBXResourcesBuildPhase;
			buildActionMask = 2147483647;
			files = (
			);
			runOnlyForDeploymentPostprocessing = 0;
		};
/* End PBXResourcesBuildPhase section */

/* Begin PBXSourcesBuildPhase section */
		145DD2592AFA91DF0067C5B9 /* Sources */ = {
			isa = PBXSourcesBuildPhase;
			buildActionMask = 2147483647;
			files = (
				145DD2652AFA91DF0067C5B9 /* ViewController.swift in Sources */,
				145DD2612AFA91DF0067C5B9 /* AppDelegate.swift in Sources */,
				145DD2632AFA91DF0067C5B9 /* SceneDelegate.swift in Sources */,
				145DD26B2AFA91DF0067C5B9 /* TabBarControllerNotes.xcdatamodeld in Sources */,
			);
			runOnlyForDeploymentPostprocessing = 0;
		};
		145DD2722AFA91E00067C5B9 /* Sources */ = {
			isa = PBXSourcesBuildPhase;
			buildActionMask = 2147483647;
			files = (
				145DD27B2AFA91E00067C5B9 /* TabBarControllerNotesTests.swift in Sources */,
			);
			runOnlyForDeploymentPostprocessing = 0;
		};
		145DD27C2AFA91E00067C5B9 /* Sources */ = {
			isa = PBXSourcesBuildPhase;
			buildActionMask = 2147483647;
			files = (
				145DD2872AFA91E00067C5B9 /* TabBarControllerNotesUITestsLaunchTests.swift in Sources */,
				145DD2852AFA91E00067C5B9 /* TabBarControllerNotesUITests.swift in Sources */,
			);
			runOnlyForDeploymentPostprocessing = 0;
		};
/* End PBXSourcesBuildPhase section */

/* Begin PBXTargetDependency section */
		145DD2782AFA91E00067C5B9 /* PBXTargetDependency */ = {
			isa = PBXTargetDependency;
			target = 145DD25C2AFA91DF0067C5B9 /* TabBarControllerNotes */;
			targetProxy = 145DD2772AFA91E00067C5B9 /* PBXContainerItemProxy */;
		};
		145DD2822AFA91E00067C5B9 /* PBXTargetDependency */ = {
			isa = PBXTargetDependency;
			target = 145DD25C2AFA91DF0067C5B9 /* TabBarControllerNotes */;
			targetProxy = 145DD2812AFA91E00067C5B9 /* PBXContainerItemProxy */;
		};
/* End PBXTargetDependency section */

/* Begin PBXVariantGroup section */
		145DD2662AFA91DF0067C5B9 /* Main.storyboard */ = {
			isa = PBXVariantGroup;
			children = (
				145DD2672AFA91DF0067C5B9 /* Base */,
			);
			name = Main.storyboard;
			sourceTree = "<group>";
		};
		145DD26E2AFA91E00067C5B9 /* LaunchScreen.storyboard */ = {
			isa = PBXVariantGroup;
			children = (
				145DD26F2AFA91E00067C5B9 /* Base */,
			);
			name = LaunchScreen.storyboard;
			sourceTree = "<group>";
		};
/* End PBXVariantGroup section */

/* Begin XCBuildConfiguration section */
		145DD2882AFA91E00067C5B9 /* Debug */ = {
			isa = XCBuildConfiguration;
			buildSettings = {
				ALWAYS_SEARCH_USER_PATHS = NO;
				CLANG_ANALYZER_NONNULL = YES;
				CLANG_ANALYZER_NUMBER_OBJECT_CONVERSION = YES_AGGRESSIVE;
				CLANG_CXX_LANGUAGE_STANDARD = "gnu++20";
				CLANG_ENABLE_MODULES = YES;
				CLANG_ENABLE_OBJC_ARC = YES;
				CLANG_ENABLE_OBJC_WEAK = YES;
				CLANG_WARN_BLOCK_CAPTURE_AUTORELEASING = YES;
				CLANG_WARN_BOOL_CONVERSION = YES;
				CLANG_WARN_COMMA = YES;
				CLANG_WARN_CONSTANT_CONVERSION = YES;
				CLANG_WARN_DEPRECATED_OBJC_IMPLEMENTATIONS = YES;
				CLANG_WARN_DIRECT_OBJC_ISA_USAGE = YES_ERROR;
				CLANG_WARN_DOCUMENTATION_COMMENTS = YES;
				CLANG_WARN_EMPTY_BODY = YES;
				CLANG_WARN_ENUM_CONVERSION = YES;
				CLANG_WARN_INFINITE_RECURSION = YES;
				CLANG_WARN_INT_CONVERSION = YES;
				CLANG_WARN_NON_LITERAL_NULL_CONVERSION = YES;
				CLANG_WARN_OBJC_IMPLICIT_RETAIN_SELF = YES;
				CLANG_WARN_OBJC_LITERAL_CONVERSION = YES;
				CLANG_WARN_OBJC_ROOT_CLASS = YES_ERROR;
				CLANG_WARN_QUOTED_INCLUDE_IN_FRAMEWORK_HEADER = YES;
				CLANG_WARN_RANGE_LOOP_ANALYSIS = YES;
				CLANG_WARN_STRICT_PROTOTYPES = YES;
				CLANG_WARN_SUSPICIOUS_MOVE = YES;
				CLANG_WARN_UNGUARDED_AVAILABILITY = YES_AGGRESSIVE;
				CLANG_WARN_UNREACHABLE_CODE = YES;
				CLANG_WARN__DUPLICATE_METHOD_MATCH = YES;
				COPY_PHASE_STRIP = NO;
				DEBUG_INFORMATION_FORMAT = dwarf;
				ENABLE_STRICT_OBJC_MSGSEND = YES;
				ENABLE_TESTABILITY = YES;
				GCC_C_LANGUAGE_STANDARD = gnu11;
				GCC_DYNAMIC_NO_PIC = NO;
				GCC_NO_COMMON_BLOCKS = YES;
				GCC_OPTIMIZATION_LEVEL = 0;
				GCC_PREPROCESSOR_DEFINITIONS = (
					"DEBUG=1",
					"$(inherited)",
				);
				GCC_WARN_64_TO_32_BIT_CONVERSION = YES;
				GCC_WARN_ABOUT_RETURN_TYPE = YES_ERROR;
				GCC_WARN_UNDECLARED_SELECTOR = YES;
				GCC_WARN_UNINITIALIZED_AUTOS = YES_AGGRESSIVE;
				GCC_WARN_UNUSED_FUNCTION = YES;
				GCC_WARN_UNUSED_VARIABLE = YES;
				IPHONEOS_DEPLOYMENT_TARGET = 16.4;
				MTL_ENABLE_DEBUG_INFO = INCLUDE_SOURCE;
				MTL_FAST_MATH = YES;
				ONLY_ACTIVE_ARCH = YES;
				SDKROOT = iphoneos;
				SWIFT_ACTIVE_COMPILATION_CONDITIONS = DEBUG;
				SWIFT_OPTIMIZATION_LEVEL = "-Onone";
			};
			name = Debug;
		};
		145DD2892AFA91E00067C5B9 /* Release */ = {
			isa = XCBuildConfiguration;
			buildSettings = {
				ALWAYS_SEARCH_USER_PATHS = NO;
				CLANG_ANALYZER_NONNULL = YES;
				CLANG_ANALYZER_NUMBER_OBJECT_CONVERSION = YES_AGGRESSIVE;
				CLANG_CXX_LANGUAGE_STANDARD = "gnu++20";
				CLANG_ENABLE_MODULES = YES;
				CLANG_ENABLE_OBJC_ARC = YES;
				CLANG_ENABLE_OBJC_WEAK = YES;
				CLANG_WARN_BLOCK_CAPTURE_AUTORELEASING = YES;
				CLANG_WARN_BOOL_CONVERSION = YES;
				CLANG_WARN_COMMA = YES;
				CLANG_WARN_CONSTANT_CONVERSION = YES;
				CLANG_WARN_DEPRECATED_OBJC_IMPLEMENTATIONS = YES;
				CLANG_WARN_DIRECT_OBJC_ISA_USAGE = YES_ERROR;
				CLANG_WARN_DOCUMENTATION_COMMENTS = YES;
				CLANG_WARN_EMPTY_BODY = YES;
				CLANG_WARN_ENUM_CONVERSION = YES;
				CLANG_WARN_INFINITE_RECURSION = YES;
				CLANG_WARN_INT_CONVERSION = YES;
				CLANG_WARN_NON_LITERAL_NULL_CONVERSION = YES;
				CLANG_WARN_OBJC_IMPLICIT_RETAIN_SELF = YES;
				CLANG_WARN_OBJC_LITERAL_CONVERSION = YES;
				CLANG_WARN_OBJC_ROOT_CLASS = YES_ERROR;
				CLANG_WARN_QUOTED_INCLUDE_IN_FRAMEWORK_HEADER = YES;
				CLANG_WARN_RANGE_LOOP_ANALYSIS = YES;
				CLANG_WARN_STRICT_PROTOTYPES = YES;
				CLANG_WARN_SUSPICIOUS_MOVE = YES;
				CLANG_WARN_UNGUARDED_AVAILABILITY = YES_AGGRESSIVE;
				CLANG_WARN_UNREACHABLE_CODE = YES;
				CLANG_WARN__DUPLICATE_METHOD_MATCH = YES;
				COPY_PHASE_STRIP = NO;
				DEBUG_INFORMATION_FORMAT = "dwarf-with-dsym";
				ENABLE_NS_ASSERTIONS = NO;
				ENABLE_STRICT_OBJC_MSGSEND = YES;
				GCC_C_LANGUAGE_STANDARD = gnu11;
				GCC_NO_COMMON_BLOCKS = YES;
				GCC_WARN_64_TO_32_BIT_CONVERSION = YES;
				GCC_WARN_ABOUT_RETURN_TYPE = YES_ERROR;
				GCC_WARN_UNDECLARED_SELECTOR = YES;
				GCC_WARN_UNINITIALIZED_AUTOS = YES_AGGRESSIVE;
				GCC_WARN_UNUSED_FUNCTION = YES;
				GCC_WARN_UNUSED_VARIABLE = YES;
				IPHONEOS_DEPLOYMENT_TARGET = 16.4;
				MTL_ENABLE_DEBUG_INFO = NO;
				MTL_FAST_MATH = YES;
				SDKROOT = iphoneos;
				SWIFT_COMPILATION_MODE = wholemodule;
				SWIFT_OPTIMIZATION_LEVEL = "-O";
				VALIDATE_PRODUCT = YES;
			};
			name = Release;
		};
		145DD28B2AFA91E00067C5B9 /* Debug */ = {
			isa = XCBuildConfiguration;
			buildSettings = {
				ASSETCATALOG_COMPILER_APPICON_NAME = AppIcon;
				ASSETCATALOG_COMPILER_GLOBAL_ACCENT_COLOR_NAME = AccentColor;
				CODE_SIGN_STYLE = Automatic;
				CURRENT_PROJECT_VERSION = 1;
				DEVELOPMENT_TEAM = SZURQ69PCN;
				GENERATE_INFOPLIST_FILE = YES;
				INFOPLIST_FILE = TabBarControllerNotes/Info.plist;
				INFOPLIST_KEY_UIApplicationSupportsIndirectInputEvents = YES;
				INFOPLIST_KEY_UILaunchStoryboardName = LaunchScreen;
				INFOPLIST_KEY_UIMainStoryboardFile = Main;
				INFOPLIST_KEY_UISupportedInterfaceOrientations_iPad = "UIInterfaceOrientationPortrait UIInterfaceOrientationPortraitUpsideDown UIInterfaceOrientationLandscapeLeft UIInterfaceOrientationLandscapeRight";
				INFOPLIST_KEY_UISupportedInterfaceOrientations_iPhone = "UIInterfaceOrientationPortrait UIInterfaceOrientationLandscapeLeft UIInterfaceOrientationLandscapeRight";
				LD_RUNPATH_SEARCH_PATHS = (
					"$(inherited)",
					"@executable_path/Frameworks",
				);
				MARKETING_VERSION = 1.0;
				PRODUCT_BUNDLE_IDENTIFIER = clc.TabBarControllerNotes;
				PRODUCT_NAME = "$(TARGET_NAME)";
				SWIFT_EMIT_LOC_STRINGS = YES;
				SWIFT_VERSION = 5.0;
				TARGETED_DEVICE_FAMILY = "1,2";
			};
			name = Debug;
		};
		145DD28C2AFA91E00067C5B9 /* Release */ = {
			isa = XCBuildConfiguration;
			buildSettings = {
				ASSETCATALOG_COMPILER_APPICON_NAME = AppIcon;
				ASSETCATALOG_COMPILER_GLOBAL_ACCENT_COLOR_NAME = AccentColor;
				CODE_SIGN_STYLE = Automatic;
				CURRENT_PROJECT_VERSION = 1;
				DEVELOPMENT_TEAM = SZURQ69PCN;
				GENERATE_INFOPLIST_FILE = YES;
				INFOPLIST_FILE = TabBarControllerNotes/Info.plist;
				INFOPLIST_KEY_UIApplicationSupportsIndirectInputEvents = YES;
				INFOPLIST_KEY_UILaunchStoryboardName = LaunchScreen;
				INFOPLIST_KEY_UIMainStoryboardFile = Main;
				INFOPLIST_KEY_UISupportedInterfaceOrientations_iPad = "UIInterfaceOrientationPortrait UIInterfaceOrientationPortraitUpsideDown UIInterfaceOrientationLandscapeLeft UIInterfaceOrientationLandscapeRight";
				INFOPLIST_KEY_UISupportedInterfaceOrientations_iPhone = "UIInterfaceOrientationPortrait UIInterfaceOrientationLandscapeLeft UIInterfaceOrientationLandscapeRight";
				LD_RUNPATH_SEARCH_PATHS = (
					"$(inherited)",
					"@executable_path/Frameworks",
				);
				MARKETING_VERSION = 1.0;
				PRODUCT_BUNDLE_IDENTIFIER = clc.TabBarControllerNotes;
				PRODUCT_NAME = "$(TARGET_NAME)";
				SWIFT_EMIT_LOC_STRINGS = YES;
				SWIFT_VERSION = 5.0;
				TARGETED_DEVICE_FAMILY = "1,2";
			};
			name = Release;
		};
		145DD28E2AFA91E00067C5B9 /* Debug */ = {
			isa = XCBuildConfiguration;
			buildSettings = {
				ALWAYS_EMBED_SWIFT_STANDARD_LIBRARIES = YES;
				BUNDLE_LOADER = "$(TEST_HOST)";
				CODE_SIGN_STYLE = Automatic;
				CURRENT_PROJECT_VERSION = 1;
				DEVELOPMENT_TEAM = SZURQ69PCN;
				GENERATE_INFOPLIST_FILE = YES;
				IPHONEOS_DEPLOYMENT_TARGET = 16.4;
				MARKETING_VERSION = 1.0;
				PRODUCT_BUNDLE_IDENTIFIER = clc.TabBarControllerNotesTests;
				PRODUCT_NAME = "$(TARGET_NAME)";
				SWIFT_EMIT_LOC_STRINGS = NO;
				SWIFT_VERSION = 5.0;
				TARGETED_DEVICE_FAMILY = "1,2";
				TEST_HOST = "$(BUILT_PRODUCTS_DIR)/TabBarControllerNotes.app/$(BUNDLE_EXECUTABLE_FOLDER_PATH)/TabBarControllerNotes";
			};
			name = Debug;
		};
		145DD28F2AFA91E00067C5B9 /* Release */ = {
			isa = XCBuildConfiguration;
			buildSettings = {
				ALWAYS_EMBED_SWIFT_STANDARD_LIBRARIES = YES;
				BUNDLE_LOADER = "$(TEST_HOST)";
				CODE_SIGN_STYLE = Automatic;
				CURRENT_PROJECT_VERSION = 1;
				DEVELOPMENT_TEAM = SZURQ69PCN;
				GENERATE_INFOPLIST_FILE = YES;
				IPHONEOS_DEPLOYMENT_TARGET = 16.4;
				MARKETING_VERSION = 1.0;
				PRODUCT_BUNDLE_IDENTIFIER = clc.TabBarControllerNotesTests;
				PRODUCT_NAME = "$(TARGET_NAME)";
				SWIFT_EMIT_LOC_STRINGS = NO;
				SWIFT_VERSION = 5.0;
				TARGETED_DEVICE_FAMILY = "1,2";
				TEST_HOST = "$(BUILT_PRODUCTS_DIR)/TabBarControllerNotes.app/$(BUNDLE_EXECUTABLE_FOLDER_PATH)/TabBarControllerNotes";
			};
			name = Release;
		};
		145DD2912AFA91E00067C5B9 /* Debug */ = {
			isa = XCBuildConfiguration;
			buildSettings = {
				ALWAYS_EMBED_SWIFT_STANDARD_LIBRARIES = YES;
				CODE_SIGN_STYLE = Automatic;
				CURRENT_PROJECT_VERSION = 1;
				DEVELOPMENT_TEAM = SZURQ69PCN;
				GENERATE_INFOPLIST_FILE = YES;
				MARKETING_VERSION = 1.0;
				PRODUCT_BUNDLE_IDENTIFIER = clc.TabBarControllerNotesUITests;
				PRODUCT_NAME = "$(TARGET_NAME)";
				SWIFT_EMIT_LOC_STRINGS = NO;
				SWIFT_VERSION = 5.0;
				TARGETED_DEVICE_FAMILY = "1,2";
				TEST_TARGET_NAME = TabBarControllerNotes;
			};
			name = Debug;
		};
		145DD2922AFA91E00067C5B9 /* Release */ = {
			isa = XCBuildConfiguration;
			buildSettings = {
				ALWAYS_EMBED_SWIFT_STANDARD_LIBRARIES = YES;
				CODE_SIGN_STYLE = Automatic;
				CURRENT_PROJECT_VERSION = 1;
				DEVELOPMENT_TEAM = SZURQ69PCN;
				GENERATE_INFOPLIST_FILE = YES;
				MARKETING_VERSION = 1.0;
				PRODUCT_BUNDLE_IDENTIFIER = clc.TabBarControllerNotesUITests;
				PRODUCT_NAME = "$(TARGET_NAME)";
				SWIFT_EMIT_LOC_STRINGS = NO;
				SWIFT_VERSION = 5.0;
				TARGETED_DEVICE_FAMILY = "1,2";
				TEST_TARGET_NAME = TabBarControllerNotes;
			};
			name = Release;
		};
/* End XCBuildConfiguration section */

/* Begin XCConfigurationList section */
		145DD2582AFA91DF0067C5B9 /* Build configuration list for PBXProject "TabBarControllerNotes" */ = {
			isa = XCConfigurationList;
			buildConfigurations = (
				145DD2882AFA91E00067C5B9 /* Debug */,
				145DD2892AFA91E00067C5B9 /* Release */,
			);
			defaultConfigurationIsVisible = 0;
			defaultConfigurationName = Release;
		};
		145DD28A2AFA91E00067C5B9 /* Build configuration list for PBXNativeTarget "TabBarControllerNotes" */ = {
			isa = XCConfigurationList;
			buildConfigurations = (
				145DD28B2AFA91E00067C5B9 /* Debug */,
				145DD28C2AFA91E00067C5B9 /* Release */,
			);
			defaultConfigurationIsVisible = 0;
			defaultConfigurationName = Release;
		};
		145DD28D2AFA91E00067C5B9 /* Build configuration list for PBXNativeTarget "TabBarControllerNotesTests" */ = {
			isa = XCConfigurationList;
			buildConfigurations = (
				145DD28E2AFA91E00067C5B9 /* Debug */,
				145DD28F2AFA91E00067C5B9 /* Release */,
			);
			defaultConfigurationIsVisible = 0;
			defaultConfigurationName = Release;
		};
		145DD2902AFA91E00067C5B9 /* Build configuration list for PBXNativeTarget "TabBarControllerNotesUITests" */ = {
			isa = XCConfigurationList;
			buildConfigurations = (
				145DD2912AFA91E00067C5B9 /* Debug */,
				145DD2922AFA91E00067C5B9 /* Release */,
			);
			defaultConfigurationIsVisible = 0;
			defaultConfigurationName = Release;
		};
/* End XCConfigurationList section */

/* Begin XCVersionGroup section */
		145DD2692AFA91DF0067C5B9 /* TabBarControllerNotes.xcdatamodeld */ = {
			isa = XCVersionGroup;
			children = (
				145DD26A2AFA91DF0067C5B9 /* TabBarControllerNotes.xcdatamodel */,
			);
			currentVersion = 145DD26A2AFA91DF0067C5B9 /* TabBarControllerNotes.xcdatamodel */;
			path = TabBarControllerNotes.xcdatamodeld;
			sourceTree = "<group>";
			versionGroupType = wrapper.xcdatamodel;
		};
/* End XCVersionGroup section */
	};
	rootObject = 145DD2552AFA91DF0067C5B9 /* Project object */;
}
